
Microsoft Visual Studio Solution File, Format Version 12.00
# Visual Studio 14
VisualStudioVersion = 14.0.25420.1
MinimumVisualStudioVersion = 10.0.40219.1
Project("{FAE04EC0-301F-11D3-BF4B-00C04F79EFBC}") = "ClassLibrary2", "ClassLibrary2\ClassLibrary2.csproj", "{F7C40A9A-3B2D-43F6-ABE9-E78C206C24BC}"
EndProject
Global
	GlobalSection(SolutionConfigurationPlatforms) = preSolution
		Debug|Any CPU = Debug|Any CPU
		Release|Any CPU = Release|Any CPU
	EndGlobalSection
	GlobalSection(ProjectConfigurationPlatforms) = postSolution
		{F7C40A9A-3B2D-43F6-ABE9-E78C206C24BC}.Debug|Any CPU.ActiveCfg = Debug|Any CPU
		{F7C40A9A-3B2D-43F6-ABE9-E78C206C24BC}.Debug|Any CPU.Build.0 = Debug|Any CPU
		{F7C40A9A-3B2D-43F6-ABE9-E78C206C24BC}.Release|Any CPU.ActiveCfg = Release|Any CPU
		{F7C40A9A-3B2D-43F6-ABE9-E78C206C24BC}.Release|Any CPU.Build.0 = Release|Any CPU
	EndGlobalSection
	GlobalSection(SolutionProperties) = preSolution
		HideSolutionNode = FALSE
	EndGlobalSection
EndGlobal
